
Microsoft Visual Studio Solution File, Format Version 12.00
Project("{FAE04EC0-301F-11D3-BF4B-00C04F79EFBC}") = "dio_NET-Developer_DesafioHospedagem", "dio_NET-Developer_DesafioHospedagem\dio_NET-Developer_DesafioHospedagem.csproj", "{53DC9B18-2BBD-4E15-B765-22F3A8BF0ACD}"
EndProject
Global
	GlobalSection(SolutionConfigurationPlatforms) = preSolution
		Debug|Any CPU = Debug|Any CPU
		Release|Any CPU = Release|Any CPU
	EndGlobalSection
	GlobalSection(ProjectConfigurationPlatforms) = postSolution
		{53DC9B18-2BBD-4E15-B765-22F3A8BF0ACD}.Debug|Any CPU.ActiveCfg = Debug|Any CPU
		{53DC9B18-2BBD-4E15-B765-22F3A8BF0ACD}.Debug|Any CPU.Build.0 = Debug|Any CPU
		{53DC9B18-2BBD-4E15-B765-22F3A8BF0ACD}.Release|Any CPU.ActiveCfg = Release|Any CPU
		{53DC9B18-2BBD-4E15-B765-22F3A8BF0ACD}.Release|Any CPU.Build.0 = Release|Any CPU
	EndGlobalSection
EndGlobal
